PODS:
  - Capacitor (6.2.0)
  - CapacitorApp (6.0.0)
  - CapacitorFileSystem (6.0.0)
  - CapacitorHaptics (6.0.0)
  - CapacitorShare (6.0.0)
  - CapacitorStatusBar (6.0.0)

DEPENDENCIES:
  - Capacitor
  - CapacitorApp
  - CapacitorFileSystem
  - CapacitorHaptics
  - CapacitorShare
  - CapacitorStatusBar

SPEC CHECKSUMS:

PODFILE CHECKSUM:

COCOAPODS: 1.15.2
